// !$*UTF8*$!
{
	archiveVersion = 1;
	classes = {
	};
	objectVersion = 50;
	objects = {

/* Begin PBXBuildFile section */
		3CA86B9924103F21004E7ED2 /* AppDelegate.swift in Sources */ = {isa = PBXBuildFile; fileRef = 3CA86B9824103F21004E7ED2 /* AppDelegate.swift */; };
		3CA86B9B24103F21004E7ED2 /* SceneDelegate.swift in Sources */ = {isa = PBXBuildFile; fileRef = 3CA86B9A24103F21004E7ED2 /* SceneDelegate.swift */; };
		3CA86B9D24103F21004E7ED2 /* ViewController.swift in Sources */ = {isa = PBXBuildFile; fileRef = 3CA86B9C24103F21004E7ED2 /* ViewController.swift */; };
		3CA86BA024103F21004E7ED2 /* Main.storyboard in Resources */ = {isa = PBXBuildFile; fileRef = 3CA86B9E24103F21004E7ED2 /* Main.storyboard */; };
		3CA86BA224103F22004E7ED2 /* Assets.xcassets in Resources */ = {isa = PBXBuildFile; fileRef = 3CA86BA124103F22004E7ED2 /* Assets.xcassets */; };
		3CA86BA524103F22004E7ED2 /* LaunchScreen.storyboard in Resources */ = {isa = PBXBuildFile; fileRef = 3CA86BA324103F22004E7ED2 /* LaunchScreen.storyboard */; };
		3CA86BB024103FF3004E7ED2 /* SandBox.m in Sources */ = {isa = PBXBuildFile; fileRef = 3CA86BAF24103FF3004E7ED2 /* SandBox.m */; };
/* End PBXBuildFile section */

/* Begin PBXFileReference section */
		3CA86B9524103F21004E7ED2 /* Fuck SandBox.app */ = {isa = PBXFileReference; explicitFileType = wrapper.application; includeInIndex = 0; path = "Fuck SandBox.app"; sourceTree = BUILT_PRODUCTS_DIR; };
		3CA86B9824103F21004E7ED2 /* AppDelegate.swift */ = {isa = PBXFileReference; lastKnownFileType = sourcecode.swift; path = AppDelegate.swift; sourceTree = "<group>"; };
		3CA86B9A24103F21004E7ED2 /* SceneDelegate.swift */ = {isa = PBXFileReference; lastKnownFileType = sourcecode.swift; path = SceneDelegate.swift; sourceTree = "<group>"; };
		3CA86B9C24103F21004E7ED2 /* ViewController.swift */ = {isa = PBXFileReference; lastKnownFileType = sourcecode.swift; path = ViewController.swift; sourceTree = "<group>"; };
		3CA86B9F24103F21004E7ED2 /* Base */ = {isa = PBXFileReference; lastKnownFileType = file.storyboard; name = Base; path = Base.lproj/Main.storyboard; sourceTree = "<group>"; };
		3CA86BA124103F22004E7ED2 /* Assets.xcassets */ = {isa = PBXFileReference; lastKnownFileType = folder.assetcatalog; path = Assets.xcassets; sourceTree = "<group>"; };
		3CA86BA424103F22004E7ED2 /* Base */ = {isa = PBXFileReference; lastKnownFileType = file.storyboard; name = Base; path = Base.lproj/LaunchScreen.storyboard; sourceTree = "<group>"; };
		3CA86BA624103F22004E7ED2 /* Info.plist */ = {isa = PBXFileReference; lastKnownFileType = text.plist.xml; path = Info.plist; sourceTree = "<group>"; };
		3CA86BAC24103F6A004E7ED2 /* Fuck SandBox-Bridging-Header.h */ = {isa = PBXFileReference; lastKnownFileType = sourcecode.c.h; path = "Fuck SandBox-Bridging-Header.h"; sourceTree = "<group>"; };
		3CA86BAF24103FF3004E7ED2 /* SandBox.m */ = {isa = PBXFileReference; lastKnownFileType = sourcecode.c.objc; path = SandBox.m; sourceTree = "<group>"; };
		3CA86BB124104042004E7ED2 /* SandBox.h */ = {isa = PBXFileReference; lastKnownFileType = sourcecode.c.h; path = SandBox.h; sourceTree = "<group>"; };
/* End PBXFileReference section */

/* Begin PBXFrameworksBuildPhase section */
		3CA86B9224103F21004E7ED2 /* Frameworks */ = {
			isa = PBXFrameworksBuildPhase;
			buildActionMask = 2147483647;
			files = (
			);
			runOnlyForDeploymentPostprocessing = 0;
		};
/* End PBXFrameworksBuildPhase section */

/* Begin PBXGroup section */
		3CA86B8C24103F21004E7ED2 = {
			isa = PBXGroup;
			children = (
				3CA86B9724103F21004E7ED2 /* Fuck SandBox */,
				3CA86B9624103F21004E7ED2 /* Products */,
			);
			sourceTree = "<group>";
		};
		3CA86B9624103F21004E7ED2 /* Products */ = {
			isa = PBXGroup;
			children = (
				3CA86B9524103F21004E7ED2 /* Fuck SandBox.app */,
			);
			name = Products;
			sourceTree = "<group>";
		};
		3CA86B9724103F21004E7ED2 /* Fuck SandBox */ = {
			isa = PBXGroup;
			children = (
				3CA86B9824103F21004E7ED2 /* AppDelegate.swift */,
				3CA86B9A24103F21004E7ED2 /* SceneDelegate.swift */,
				3CA86B9C24103F21004E7ED2 /* ViewController.swift */,
				3CA86BB124104042004E7ED2 /* SandBox.h */,
				3CA86BAF24103FF3004E7ED2 /* SandBox.m */,
				3CA86B9E24103F21004E7ED2 /* Main.storyboard */,
				3CA86BA124103F22004E7ED2 /* Assets.xcassets */,
				3CA86BA324103F22004E7ED2 /* LaunchScreen.storyboard */,
				3CA86BA624103F22004E7ED2 /* Info.plist */,
				3CA86BAC24103F6A004E7ED2 /* Fuck SandBox-Bridging-Header.h */,
			);
			path = "Fuck SandBox";
			sourceTree = "<group>";
		};
/* End PBXGroup section */

/* Begin PBXNativeTarget section */
		3CA86B9424103F21004E7ED2 /* Fuck SandBox */ = {
			isa = PBXNativeTarget;
			buildConfigurationList = 3CA86BA924103F22004E7ED2 /* Build configuration list for PBXNativeTarget "Fuck SandBox" */;
			buildPhases = (
				3CA86B9124103F21004E7ED2 /* Sources */,
				3CA86B9224103F21004E7ED2 /* Frameworks */,
				3CA86B9324103F21004E7ED2 /* Resources */,
			);
			buildRules = (
			);
			dependencies = (
			);
			name = "Fuck SandBox";
			productName = "Fuck SandBox";
			productReference = 3CA86B9524103F21004E7ED2 /* Fuck SandBox.app */;
			productType = "com.apple.product-type.application";
		};
/* End PBXNativeTarget section */

/* Begin PBXProject section */
		3CA86B8D24103F21004E7ED2 /* Project object */ = {
			isa = PBXProject;
			attributes = {
				LastSwiftUpdateCheck = 1130;
				LastUpgradeCheck = 1130;
				ORGANIZATIONNAME = "Nima Akbarzade";
				TargetAttributes = {
					3CA86B9424103F21004E7ED2 = {
						CreatedOnToolsVersion = 11.3.1;
						LastSwiftMigration = 1130;
					};
				};
			};
			buildConfigurationList = 3CA86B9024103F21004E7ED2 /* Build configuration list for PBXProject "Fuck SandBox" */;
			compatibilityVersion = "Xcode 9.3";
			developmentRegion = en;
			hasScannedForEncodings = 0;
			knownRegions = (
				en,
				Base,
			);
			mainGroup = 3CA86B8C24103F21004E7ED2;
			productRefGroup = 3CA86B9624103F21004E7ED2 /* Products */;
			projectDirPath = "";
			projectRoot = "";
			targets = (
				3CA86B9424103F21004E7ED2 /* Fuck SandBox */,
			);
		};
/* End PBXProject section */

/* Begin PBXResourcesBuildPhase section */
		3CA86B9324103F21004E7ED2 /* Resources */ = {
			isa = PBXResourcesBuildPhase;
			buildActionMask = 2147483647;
			files = (
				3CA86BA524103F22004E7ED2 /* LaunchScreen.storyboard in Resources */,
				3CA86BA224103F22004E7ED2 /* Assets.xcassets in Resources */,
				3CA86BA024103F21004E7ED2 /* Main.storyboard in Resources */,
			);
			runOnlyForDeploymentPostprocessing = 0;
		};
/* End PBXResourcesBuildPhase section */

/* Begin PBXSourcesBuildPhase section */
		3CA86B9124103F21004E7ED2 /* Sources */ = {
			isa = PBXSourcesBuildPhase;
			buildActionMask = 2147483647;
			files = (
				3CA86B9D24103F21004E7ED2 /* ViewController.swift in Sources */,
				3CA86B9924103F21004E7ED2 /* AppDelegate.swift in Sources */,
				3CA86B9B24103F21004E7ED2 /* SceneDelegate.swift in Sources */,
				3CA86BB024103FF3004E7ED2 /* SandBox.m in Sources */,
			);
			runOnlyForDeploymentPostprocessing = 0;
		};
/* End PBXSourcesBuildPhase section */

/* Begin PBXVariantGroup section */
		3CA86B9E24103F21004E7ED2 /* Main.storyboard */ = {
			isa = PBXVariantGroup;
			children = (
				3CA86B9F24103F21004E7ED2 /* Base */,
			);
			name = Main.storyboard;
			sourceTree = "<group>";
		};
		3CA86BA324103F22004E7ED2 /* LaunchScreen.storyboard */ = {
			isa = PBXVariantGroup;
			children = (
				3CA86BA424103F22004E7ED2 /* Base */,
			);
			name = LaunchScreen.storyboard;
			sourceTree = "<group>";
		};
/* End PBXVariantGroup section */

/* Begin XCBuildConfiguration section */
		3CA86BA724103F22004E7ED2 /* Debug */ = {
			isa = XCBuildConfiguration;
			buildSettings = {
				ALWAYS_SEARCH_USER_PATHS = NO;
				CLANG_ANALYZER_NONNULL = YES;
				CLANG_ANALYZER_NUMBER_OBJECT_CONVERSION = YES_AGGRESSIVE;
				CLANG_CXX_LANGUAGE_STANDARD = "gnu++14";
				CLANG_CXX_LIBRARY = "libc++";
				CLANG_ENABLE_MODULES = YES;
				CLANG_ENABLE_OBJC_ARC = YES;
				CLANG_ENABLE_OBJC_WEAK = YES;
				CLANG_WARN_BLOCK_CAPTURE_AUTORELEASING = YES;
				CLANG_WARN_BOOL_CONVERSION = YES;
				CLANG_WARN_COMMA = YES;
				CLANG_WARN_CONSTANT_CONVERSION = YES;
				CLANG_WARN_DEPRECATED_OBJC_IMPLEMENTATIONS = YES;
				CLANG_WARN_DIRECT_OBJC_ISA_USAGE = YES_ERROR;
				CLANG_WARN_DOCUMENTATION_COMMENTS = YES;
				CLANG_WARN_EMPTY_BODY = YES;
				CLANG_WARN_ENUM_CONVERSION = YES;
				CLANG_WARN_INFINITE_RECURSION = YES;
				CLANG_WARN_INT_CONVERSION = YES;
				CLANG_WARN_NON_LITERAL_NULL_CONVERSION = YES;
				CLANG_WARN_OBJC_IMPLICIT_RETAIN_SELF = YES;
				CLANG_WARN_OBJC_LITERAL_CONVERSION = YES;
				CLANG_WARN_OBJC_ROOT_CLASS = YES_ERROR;
				CLANG_WARN_RANGE_LOOP_ANALYSIS = YES;
				CLANG_WARN_STRICT_PROTOTYPES = YES;
				CLANG_WARN_SUSPICIOUS_MOVE = YES;
				CLANG_WARN_UNGUARDED_AVAILABILITY = YES_AGGRESSIVE;
				CLANG_WARN_UNREACHABLE_CODE = YES;
				CLANG_WARN__DUPLICATE_METHOD_MATCH = YES;
				COPY_PHASE_STRIP = NO;
				DEBUG_INFORMATION_FORMAT = dwarf;
				ENABLE_STRICT_OBJC_MSGSEND = YES;
				ENABLE_TESTABILITY = YES;
				GCC_C_LANGUAGE_STANDARD = gnu11;
				GCC_DYNAMIC_NO_PIC = NO;
				GCC_NO_COMMON_BLOCKS = YES;
				GCC_OPTIMIZATION_LEVEL = 0;
				GCC_PREPROCESSOR_DEFINITIONS = (
					"DEBUG=1",
					"$(inherited)",
				);
				GCC_WARN_64_TO_32_BIT_CONVERSION = YES;
				GCC_WARN_ABOUT_RETURN_TYPE = YES_ERROR;
				GCC_WARN_UNDECLARED_SELECTOR = YES;
				GCC_WARN_UNINITIALIZED_AUTOS = YES_AGGRESSIVE;
				GCC_WARN_UNUSED_FUNCTION = YES;
				GCC_WARN_UNUSED_VARIABLE = YES;
				IPHONEOS_DEPLOYMENT_TARGET = 13.2;
				MTL_ENABLE_DEBUG_INFO = INCLUDE_SOURCE;
				MTL_FAST_MATH = YES;
				ONLY_ACTIVE_ARCH = YES;
				SDKROOT = iphoneos;
				SWIFT_ACTIVE_COMPILATION_CONDITIONS = DEBUG;
				SWIFT_OPTIMIZATION_LEVEL = "-Onone";
			};
			name = Debug;
		};
		3CA86BA824103F22004E7ED2 /* Release */ = {
			isa = XCBuildConfiguration;
			buildSettings = {
				ALWAYS_SEARCH_USER_PATHS = NO;
				CLANG_ANALYZER_NONNULL = YES;
				CLANG_ANALYZER_NUMBER_OBJECT_CONVERSION = YES_AGGRESSIVE;
				CLANG_CXX_LANGUAGE_STANDARD = "gnu++14";
				CLANG_CXX_LIBRARY = "libc++";
				CLANG_ENABLE_MODULES = YES;
				CLANG_ENABLE_OBJC_ARC = YES;
				CLANG_ENABLE_OBJC_WEAK = YES;
				CLANG_WARN_BLOCK_CAPTURE_AUTORELEASING = YES;
				CLANG_WARN_BOOL_CONVERSION = YES;
				CLANG_WARN_COMMA = YES;
				CLANG_WARN_CONSTANT_CONVERSION = YES;
				CLANG_WARN_DEPRECATED_OBJC_IMPLEMENTATIONS = YES;
				CLANG_WARN_DIRECT_OBJC_ISA_USAGE = YES_ERROR;
				CLANG_WARN_DOCUMENTATION_COMMENTS = YES;
				CLANG_WARN_EMPTY_BODY = YES;
				CLANG_WARN_ENUM_CONVERSION = YES;
				CLANG_WARN_INFINITE_RECURSION = YES;
				CLANG_WARN_INT_CONVERSION = YES;
				CLANG_WARN_NON_LITERAL_NULL_CONVERSION = YES;
				CLANG_WARN_OBJC_IMPLICIT_RETAIN_SELF = YES;
				CLANG_WARN_OBJC_LITERAL_CONVERSION = YES;
				CLANG_WARN_OBJC_ROOT_CLASS = YES_ERROR;
				CLANG_WARN_RANGE_LOOP_ANALYSIS = YES;
				CLANG_WARN_STRICT_PROTOTYPES = YES;
				CLANG_WARN_SUSPICIOUS_MOVE = YES;
				CLANG_WARN_UNGUARDED_AVAILABILITY = YES_AGGRESSIVE;
				CLANG_WARN_UNREACHABLE_CODE = YES;
				CLANG_WARN__DUPLICATE_METHOD_MATCH = YES;
				COPY_PHASE_STRIP = NO;
				DEBUG_INFORMATION_FORMAT = "dwarf-with-dsym";
				ENABLE_NS_ASSERTIONS = NO;
				ENABLE_STRICT_OBJC_MSGSEND = YES;
				GCC_C_LANGUAGE_STANDARD = gnu11;
				GCC_NO_COMMON_BLOCKS = YES;
				GCC_WARN_64_TO_32_BIT_CONVERSION = YES;
				GCC_WARN_ABOUT_RETURN_TYPE = YES_ERROR;
				GCC_WARN_UNDECLARED_SELECTOR = YES;
				GCC_WARN_UNINITIALIZED_AUTOS = YES_AGGRESSIVE;
				GCC_WARN_UNUSED_FUNCTION = YES;
				GCC_WARN_UNUSED_VARIABLE = YES;
				IPHONEOS_DEPLOYMENT_TARGET = 13.2;
				MTL_ENABLE_DEBUG_INFO = NO;
				MTL_FAST_MATH = YES;
				SDKROOT = iphoneos;
				SWIFT_COMPILATION_MODE = wholemodule;
				SWIFT_OPTIMIZATION_LEVEL = "-O";
				VALIDATE_PRODUCT = YES;
			};
			name = Release;
		};
		3CA86BAA24103F22004E7ED2 /* Debug */ = {
			isa = XCBuildConfiguration;
			buildSettings = {
				ASSETCATALOG_COMPILER_APPICON_NAME = AppIcon;
				CLANG_ENABLE_MODULES = YES;
				CODE_SIGN_STYLE = Automatic;
				DEVELOPMENT_TEAM = 58XJ9699UF;
				INFOPLIST_FILE = "Fuck SandBox/Info.plist";
				LD_RUNPATH_SEARCH_PATHS = (
					"$(inherited)",
					"@executable_path/Frameworks",
				);
				PRODUCT_BUNDLE_IDENTIFIER = "Padidar.Fuck-SandBox";
				PRODUCT_NAME = "$(TARGET_NAME)";
				SWIFT_OBJC_BRIDGING_HEADER = "Fuck SandBox/Fuck SandBox-Bridging-Header.h";
				SWIFT_OPTIMIZATION_LEVEL = "-Onone";
				SWIFT_VERSION = 5.0;
				TARGETED_DEVICE_FAMILY = "1,2";
			};
			name = Debug;
		};
		3CA86BAB24103F22004E7ED2 /* Release */ = {
			isa = XCBuildConfiguration;
			buildSettings = {
				ASSETCATALOG_COMPILER_APPICON_NAME = AppIcon;
				CLANG_ENABLE_MODULES = YES;
				CODE_SIGN_STYLE = Automatic;
				DEVELOPMENT_TEAM = 58XJ9699UF;
				INFOPLIST_FILE = "Fuck SandBox/Info.plist";
				LD_RUNPATH_SEARCH_PATHS = (
					"$(inherited)",
					"@executable_path/Frameworks",
				);
				PRODUCT_BUNDLE_IDENTIFIER = "Padidar.Fuck-SandBox";
				PRODUCT_NAME = "$(TARGET_NAME)";
				SWIFT_OBJC_BRIDGING_HEADER = "Fuck SandBox/Fuck SandBox-Bridging-Header.h";
				SWIFT_VERSION = 5.0;
				TARGETED_DEVICE_FAMILY = "1,2";
			};
			name = Release;
		};
/* End XCBuildConfiguration section */

/* Begin XCConfigurationList section */
		3CA86B9024103F21004E7ED2 /* Build configuration list for PBXProject "Fuck SandBox" */ = {
			isa = XCConfigurationList;
			buildConfigurations = (
				3CA86BA724103F22004E7ED2 /* Debug */,
				3CA86BA824103F22004E7ED2 /* Release */,
			);
			defaultConfigurationIsVisible = 0;
			defaultConfigurationName = Release;
		};
		3CA86BA924103F22004E7ED2 /* Build configuration list for PBXNativeTarget "Fuck SandBox" */ = {
			isa = XCConfigurationList;
			buildConfigurations = (
				3CA86BAA24103F22004E7ED2 /* Debug */,
				3CA86BAB24103F22004E7ED2 /* Release */,
			);
			defaultConfigurationIsVisible = 0;
			defaultConfigurationName = Release;
		};
/* End XCConfigurationList section */
	};
	rootObject = 3CA86B8D24103F21004E7ED2 /* Project object */;
}
